
Microsoft Visual Studio Solution File, Format Version 12.00
# Visual Studio Version 16
VisualStudioVersion = 16.0.32002.261
MinimumVisualStudioVersion = 10.0.40219.1
Project("{FAE04EC0-301F-11D3-BF4B-00C04F79EFBC}") = "Mission6", "Mission6\Mission6.csproj", "{C5682AF0-2DE6-4140-A4CD-E1EA5B42DD23}"
EndProject
Global
	GlobalSection(SolutionConfigurationPlatforms) = preSolution
		Debug|Any CPU = Debug|Any CPU
		Release|Any CPU = Release|Any CPU
	EndGlobalSection
	GlobalSection(ProjectConfigurationPlatforms) = postSolution
		{C5682AF0-2DE6-4140-A4CD-E1EA5B42DD23}.Debug|Any CPU.ActiveCfg = Debug|Any CPU
		{C5682AF0-2DE6-4140-A4CD-E1EA5B42DD23}.Debug|Any CPU.Build.0 = Debug|Any CPU
		{C5682AF0-2DE6-4140-A4CD-E1EA5B42DD23}.Release|Any CPU.ActiveCfg = Release|Any CPU
		{C5682AF0-2DE6-4140-A4CD-E1EA5B42DD23}.Release|Any CPU.Build.0 = Release|Any CPU
	EndGlobalSection
	GlobalSection(SolutionProperties) = preSolution
		HideSolutionNode = FALSE
	EndGlobalSection
	GlobalSection(ExtensibilityGlobals) = postSolution
		SolutionGuid = {950CB121-3CA7-4095-B86D-0B6CF41B8CC8}
	EndGlobalSection
EndGlobal
